
Microsoft Visual Studio Solution File, Format Version 12.00
# Visual Studio 15
VisualStudioVersion = 15.0.28307.271
MinimumVisualStudioVersion = 10.0.40219.1
Project("{FAE04EC0-301F-11D3-BF4B-00C04F79EFBC}") = "App01_ConsultarCEP.Android", "App01_ConsultarCEP\App01_ConsultarCEP.Android\App01_ConsultarCEP.Android.csproj", "{81B36419-DA1F-40C9-9C1D-65ED8572708E}"
EndProject
Project("{FAE04EC0-301F-11D3-BF4B-00C04F79EFBC}") = "App01_ConsultarCEP.iOS", "App01_ConsultarCEP\App01_ConsultarCEP.iOS\App01_ConsultarCEP.iOS.csproj", "{4F671D3A-87C9-4E99-8A56-C41F7FE6EE32}"
EndProject
Project("{FAE04EC0-301F-11D3-BF4B-00C04F79EFBC}") = "App01_ConsultarCEP.UWP", "App01_ConsultarCEP\App01_ConsultarCEP.UWP\App01_ConsultarCEP.UWP.csproj", "{C0A9EB7F-C928-4BFC-9C3B-0471644CEF12}"
EndProject
Project("{FAE04EC0-301F-11D3-BF4B-00C04F79EFBC}") = "App01_ConsultarCEP", "App01_ConsultarCEP\App01_ConsultarCEP\App01_ConsultarCEP.csproj", "{681641E4-37B5-432A-B2ED-A4E177120EC1}"
EndProject
Global
	GlobalSection(SolutionConfigurationPlatforms) = preSolution
		Ad-Hoc|Any CPU = Ad-Hoc|Any CPU
		Ad-Hoc|ARM = Ad-Hoc|ARM
		Ad-Hoc|iPhone = Ad-Hoc|iPhone
		Ad-Hoc|iPhoneSimulator = Ad-Hoc|iPhoneSimulator
		Ad-Hoc|x64 = Ad-Hoc|x64
		Ad-Hoc|x86 = Ad-Hoc|x86
		AppStore|Any CPU = AppStore|Any CPU
		AppStore|ARM = AppStore|ARM
		AppStore|iPhone = AppStore|iPhone
		AppStore|iPhoneSimulator = AppStore|iPhoneSimulator
		AppStore|x64 = AppStore|x64
		AppStore|x86 = AppStore|x86
		Debug|Any CPU = Debug|Any CPU
		Debug|ARM = Debug|ARM
		Debug|iPhone = Debug|iPhone
		Debug|iPhoneSimulator = Debug|iPhoneSimulator
		Debug|x64 = Debug|x64
		Debug|x86 = Debug|x86
		Release|Any CPU = Release|Any CPU
		Release|ARM = Release|ARM
		Release|iPhone = Release|iPhone
		Release|iPhoneSimulator = Release|iPhoneSimulator
		Release|x64 = Release|x64
		Release|x86 = Release|x86
	EndGlobalSection
	GlobalSection(ProjectConfigurationPlatforms) = postSolution
		{81B36419-DA1F-40C9-9C1D-65ED8572708E}.Ad-Hoc|Any CPU.ActiveCfg = Release|Any CPU
		{81B36419-DA1F-40C9-9C1D-65ED8572708E}.Ad-Hoc|Any CPU.Build.0 = Release|Any CPU
		{81B36419-DA1F-40C9-9C1D-65ED8572708E}.Ad-Hoc|Any CPU.Deploy.0 = Release|Any CPU
		{81B36419-DA1F-40C9-9C1D-65ED8572708E}.Ad-Hoc|ARM.ActiveCfg = Release|Any CPU
		{81B36419-DA1F-40C9-9C1D-65ED8572708E}.Ad-Hoc|ARM.Build.0 = Release|Any CPU
		{81B36419-DA1F-40C9-9C1D-65ED8572708E}.Ad-Hoc|ARM.Deploy.0 = Release|Any CPU
		{81B36419-DA1F-40C9-9C1D-65ED8572708E}.Ad-Hoc|iPhone.ActiveCfg = Release|Any CPU
		{81B36419-DA1F-40C9-9C1D-65ED8572708E}.Ad-Hoc|iPhone.Build.0 = Release|Any CPU
		{81B36419-DA1F-40C9-9C1D-65ED8572708E}.Ad-Hoc|iPhone.Deploy.0 = Release|Any CPU
		{81B36419-DA1F-40C9-9C1D-65ED8572708E}.Ad-Hoc|iPhoneSimulator.ActiveCfg = Release|Any CPU
		{81B36419-DA1F-40C9-9C1D-65ED8572708E}.Ad-Hoc|iPhoneSimulator.Build.0 = Release|Any CPU
		{81B36419-DA1F-40C9-9C1D-65ED8572708E}.Ad-Hoc|iPhoneSimulator.Deploy.0 = Release|Any CPU
		{81B36419-DA1F-40C9-9C1D-65ED8572708E}.Ad-Hoc|x64.ActiveCfg = Release|Any CPU
		{81B36419-DA1F-40C9-9C1D-65ED8572708E}.Ad-Hoc|x64.Build.0 = Release|Any CPU
		{81B36419-DA1F-40C9-9C1D-65ED8572708E}.Ad-Hoc|x64.Deploy.0 = Release|Any CPU
		{81B36419-DA1F-40C9-9C1D-65ED8572708E}.Ad-Hoc|x86.ActiveCfg = Release|Any CPU
		{81B36419-DA1F-40C9-9C1D-65ED8572708E}.Ad-Hoc|x86.Build.0 = Release|Any CPU
		{81B36419-DA1F-40C9-9C1D-65ED8572708E}.Ad-Hoc|x86.Deploy.0 = Release|Any CPU
		{81B36419-DA1F-40C9-9C1D-65ED8572708E}.AppStore|Any CPU.ActiveCfg = Release|Any CPU
		{81B36419-DA1F-40C9-9C1D-65ED8572708E}.AppStore|Any CPU.Build.0 = Release|Any CPU
		{81B36419-DA1F-40C9-9C1D-65ED8572708E}.AppStore|Any CPU.Deploy.0 = Release|Any CPU
		{81B36419-DA1F-40C9-9C1D-65ED8572708E}.AppStore|ARM.ActiveCfg = Release|Any CPU
		{81B36419-DA1F-40C9-9C1D-65ED8572708E}.AppStore|ARM.Build.0 = Release|Any CPU
		{81B36419-DA1F-40C9-9C1D-65ED8572708E}.AppStore|ARM.Deploy.0 = Release|Any CPU
		{81B36419-DA1F-40C9-9C1D-65ED8572708E}.AppStore|iPhone.ActiveCfg = Release|Any CPU
		{81B36419-DA1F-40C9-9C1D-65ED8572708E}.AppStore|iPhone.Build.0 = Release|Any CPU
		{81B36419-DA1F-40C9-9C1D-65ED8572708E}.AppStore|iPhone.Deploy.0 = Release|Any CPU
		{81B36419-DA1F-40C9-9C1D-65ED8572708E}.AppStore|iPhoneSimulator.ActiveCfg = Release|Any CPU
		{81B36419-DA1F-40C9-9C1D-65ED8572708E}.AppStore|iPhoneSimulator.Build.0 = Release|Any CPU
		{81B36419-DA1F-40C9-9C1D-65ED8572708E}.AppStore|iPhoneSimulator.Deploy.0 = Release|Any CPU
		{81B36419-DA1F-40C9-9C1D-65ED8572708E}.AppStore|x64.ActiveCfg = Release|Any CPU
		{81B36419-DA1F-40C9-9C1D-65ED8572708E}.AppStore|x64.Build.0 = Release|Any CPU
		{81B36419-DA1F-40C9-9C1D-65ED8572708E}.AppStore|x64.Deploy.0 = Release|Any CPU
		{81B36419-DA1F-40C9-9C1D-65ED8572708E}.AppStore|x86.ActiveCfg = Release|Any CPU
		{81B36419-DA1F-40C9-9C1D-65ED8572708E}.AppStore|x86.Build.0 = Release|Any CPU
		{81B36419-DA1F-40C9-9C1D-65ED8572708E}.AppStore|x86.Deploy.0 = Release|Any CPU
		{81B36419-DA1F-40C9-9C1D-65ED8572708E}.Debug|Any CPU.ActiveCfg = Debug|Any CPU
		{81B36419-DA1F-40C9-9C1D-65ED8572708E}.Debug|Any CPU.Build.0 = Debug|Any CPU
		{81B36419-DA1F-40C9-9C1D-65ED8572708E}.Debug|Any CPU.Deploy.0 = Debug|Any CPU
		{81B36419-DA1F-40C9-9C1D-65ED8572708E}.Debug|ARM.ActiveCfg = Debug|Any CPU
		{81B36419-DA1F-40C9-9C1D-65ED8572708E}.Debug|ARM.Build.0 = Debug|Any CPU
		{81B36419-DA1F-40C9-9C1D-65ED8572708E}.Debug|ARM.Deploy.0 = Debug|Any CPU
		{81B36419-DA1F-40C9-9C1D-65ED8572708E}.Debug|iPhone.ActiveCfg = Debug|Any CPU
		{81B36419-DA1F-40C9-9C1D-65ED8572708E}.Debug|iPhone.Build.0 = Debug|Any CPU
		{81B36419-DA1F-40C9-9C1D-65ED8572708E}.Debug|iPhone.Deploy.0 = Debug|Any CPU
		{81B36419-DA1F-40C9-9C1D-65ED8572708E}.Debug|iPhoneSimulator.ActiveCfg = Debug|Any CPU
		{81B36419-DA1F-40C9-9C1D-65ED8572708E}.Debug|iPhoneSimulator.Build.0 = Debug|Any CPU
		{81B36419-DA1F-40C9-9C1D-65ED8572708E}.Debug|iPhoneSimulator.Deploy.0 = Debug|Any CPU
		{81B36419-DA1F-40C9-9C1D-65ED8572708E}.Debug|x64.ActiveCfg = Debug|Any CPU
		{81B36419-DA1F-40C9-9C1D-65ED8572708E}.Debug|x64.Build.0 = Debug|Any CPU
		{81B36419-DA1F-40C9-9C1D-65ED8572708E}.Debug|x64.Deploy.0 = Debug|Any CPU
		{81B36419-DA1F-40C9-9C1D-65ED8572708E}.Debug|x86.ActiveCfg = Debug|Any CPU
		{81B36419-DA1F-40C9-9C1D-65ED8572708E}.Debug|x86.Build.0 = Debug|Any CPU
		{81B36419-DA1F-40C9-9C1D-65ED8572708E}.Debug|x86.Deploy.0 = Debug|Any CPU
		{81B36419-DA1F-40C9-9C1D-65ED8572708E}.Release|Any CPU.ActiveCfg = Release|Any CPU
		{81B36419-DA1F-40C9-9C1D-65ED8572708E}.Release|Any CPU.Build.0 = Release|Any CPU
		{81B36419-DA1F-40C9-9C1D-65ED8572708E}.Release|Any CPU.Deploy.0 = Release|Any CPU
		{81B36419-DA1F-40C9-9C1D-65ED8572708E}.Release|ARM.ActiveCfg = Release|Any CPU
		{81B36419-DA1F-40C9-9C1D-65ED8572708E}.Release|ARM.Build.0 = Release|Any CPU
		{81B36419-DA1F-40C9-9C1D-65ED8572708E}.Release|ARM.Deploy.0 = Release|Any CPU
		{81B36419-DA1F-40C9-9C1D-65ED8572708E}.Release|iPhone.ActiveCfg = Release|Any CPU
		{81B36419-DA1F-40C9-9C1D-65ED8572708E}.Release|iPhone.Build.0 = Release|Any CPU
		{81B36419-DA1F-40C9-9C1D-65ED8572708E}.Release|iPhone.Deploy.0 = Release|Any CPU
		{81B36419-DA1F-40C9-9C1D-65ED8572708E}.Release|iPhoneSimulator.ActiveCfg = Release|Any CPU
		{81B36419-DA1F-40C9-9C1D-65ED8572708E}.Release|iPhoneSimulator.Build.0 = Release|Any CPU
		{81B36419-DA1F-40C9-9C1D-65ED8572708E}.Release|iPhoneSimulator.Deploy.0 = Release|Any CPU
		{81B36419-DA1F-40C9-9C1D-65ED8572708E}.Release|x64.ActiveCfg = Release|Any CPU
		{81B36419-DA1F-40C9-9C1D-65ED8572708E}.Release|x64.Build.0 = Release|Any CPU
		{81B36419-DA1F-40C9-9C1D-65ED8572708E}.Release|x64.Deploy.0 = Release|Any CPU
		{81B36419-DA1F-40C9-9C1D-65ED8572708E}.Release|x86.ActiveCfg = Release|Any CPU
		{81B36419-DA1F-40C9-9C1D-65ED8572708E}.Release|x86.Build.0 = Release|Any CPU
		{81B36419-DA1F-40C9-9C1D-65ED8572708E}.Release|x86.Deploy.0 = Release|Any CPU
		{4F671D3A-87C9-4E99-8A56-C41F7FE6EE32}.Ad-Hoc|Any CPU.ActiveCfg = Ad-Hoc|iPhone
		{4F671D3A-87C9-4E99-8A56-C41F7FE6EE32}.Ad-Hoc|Any CPU.Build.0 = Ad-Hoc|iPhone
		{4F671D3A-87C9-4E99-8A56-C41F7FE6EE32}.Ad-Hoc|Any CPU.Deploy.0 = Ad-Hoc|iPhone
		{4F671D3A-87C9-4E99-8A56-C41F7FE6EE32}.Ad-Hoc|ARM.ActiveCfg = Ad-Hoc|iPhone
		{4F671D3A-87C9-4E99-8A56-C41F7FE6EE32}.Ad-Hoc|ARM.Build.0 = Ad-Hoc|iPhone
		{4F671D3A-87C9-4E99-8A56-C41F7FE6EE32}.Ad-Hoc|ARM.Deploy.0 = Ad-Hoc|iPhone
		{4F671D3A-87C9-4E99-8A56-C41F7FE6EE32}.Ad-Hoc|iPhone.ActiveCfg = Ad-Hoc|iPhone
		{4F671D3A-87C9-4E99-8A56-C41F7FE6EE32}.Ad-Hoc|iPhone.Build.0 = Ad-Hoc|iPhone
		{4F671D3A-87C9-4E99-8A56-C41F7FE6EE32}.Ad-Hoc|iPhone.Deploy.0 = Ad-Hoc|iPhone
		{4F671D3A-87C9-4E99-8A56-C41F7FE6EE32}.Ad-Hoc|iPhoneSimulator.ActiveCfg = Ad-Hoc|iPhoneSimulator
		{4F671D3A-87C9-4E99-8A56-C41F7FE6EE32}.Ad-Hoc|iPhoneSimulator.Build.0 = Ad-Hoc|iPhoneSimulator
		{4F671D3A-87C9-4E99-8A56-C41F7FE6EE32}.Ad-Hoc|iPhoneSimulator.Deploy.0 = Ad-Hoc|iPhoneSimulator
		{4F671D3A-87C9-4E99-8A56-C41F7FE6EE32}.Ad-Hoc|x64.ActiveCfg = Ad-Hoc|iPhone
		{4F671D3A-87C9-4E99-8A56-C41F7FE6EE32}.Ad-Hoc|x64.Build.0 = Ad-Hoc|iPhone
		{4F671D3A-87C9-4E99-8A56-C41F7FE6EE32}.Ad-Hoc|x64.Deploy.0 = Ad-Hoc|iPhone
		{4F671D3A-87C9-4E99-8A56-C41F7FE6EE32}.Ad-Hoc|x86.ActiveCfg = Ad-Hoc|iPhone
		{4F671D3A-87C9-4E99-8A56-C41F7FE6EE32}.Ad-Hoc|x86.Build.0 = Ad-Hoc|iPhone
		{4F671D3A-87C9-4E99-8A56-C41F7FE6EE32}.Ad-Hoc|x86.Deploy.0 = Ad-Hoc|iPhone
		{4F671D3A-87C9-4E99-8A56-C41F7FE6EE32}.AppStore|Any CPU.ActiveCfg = AppStore|iPhone
		{4F671D3A-87C9-4E99-8A56-C41F7FE6EE32}.AppStore|Any CPU.Build.0 = AppStore|iPhone
		{4F671D3A-87C9-4E99-8A56-C41F7FE6EE32}.AppStore|Any CPU.Deploy.0 = AppStore|iPhone
		{4F671D3A-87C9-4E99-8A56-C41F7FE6EE32}.AppStore|ARM.ActiveCfg = AppStore|iPhone
		{4F671D3A-87C9-4E99-8A56-C41F7FE6EE32}.AppStore|ARM.Build.0 = AppStore|iPhone
		{4F671D3A-87C9-4E99-8A56-C41F7FE6EE32}.AppStore|ARM.Deploy.0 = AppStore|iPhone
		{4F671D3A-87C9-4E99-8A56-C41F7FE6EE32}.AppStore|iPhone.ActiveCfg = AppStore|iPhone
		{4F671D3A-87C9-4E99-8A56-C41F7FE6EE32}.AppStore|iPhone.Build.0 = AppStore|iPhone
		{4F671D3A-87C9-4E99-8A56-C41F7FE6EE32}.AppStore|iPhone.Deploy.0 = AppStore|iPhone
		{4F671D3A-87C9-4E99-8A56-C41F7FE6EE32}.AppStore|iPhoneSimulator.ActiveCfg = AppStore|iPhoneSimulator
		{4F671D3A-87C9-4E99-8A56-C41F7FE6EE32}.AppStore|iPhoneSimulator.Build.0 = AppStore|iPhoneSimulator
		{4F671D3A-87C9-4E99-8A56-C41F7FE6EE32}.AppStore|iPhoneSimulator.Deploy.0 = AppStore|iPhoneSimulator
		{4F671D3A-87C9-4E99-8A56-C41F7FE6EE32}.AppStore|x64.ActiveCfg = AppStore|iPhone
		{4F671D3A-87C9-4E99-8A56-C41F7FE6EE32}.AppStore|x64.Build.0 = AppStore|iPhone
		{4F671D3A-87C9-4E99-8A56-C41F7FE6EE32}.AppStore|x64.Deploy.0 = AppStore|iPhone
		{4F671D3A-87C9-4E99-8A56-C41F7FE6EE32}.AppStore|x86.ActiveCfg = AppStore|iPhone
		{4F671D3A-87C9-4E99-8A56-C41F7FE6EE32}.AppStore|x86.Build.0 = AppStore|iPhone
		{4F671D3A-87C9-4E99-8A56-C41F7FE6EE32}.AppStore|x86.Deploy.0 = AppStore|iPhone
		{4F671D3A-87C9-4E99-8A56-C41F7FE6EE32}.Debug|Any CPU.ActiveCfg = Debug|iPhoneSimulator
		{4F671D3A-87C9-4E99-8A56-C41F7FE6EE32}.Debug|Any CPU.Build.0 = Debug|iPhoneSimulator
		{4F671D3A-87C9-4E99-8A56-C41F7FE6EE32}.Debug|Any CPU.Deploy.0 = Debug|iPhoneSimulator
		{4F671D3A-87C9-4E99-8A56-C41F7FE6EE32}.Debug|ARM.ActiveCfg = Debug|iPhone
		{4F671D3A-87C9-4E99-8A56-C41F7FE6EE32}.Debug|ARM.Build.0 = Debug|iPhone
		{4F671D3A-87C9-4E99-8A56-C41F7FE6EE32}.Debug|ARM.Deploy.0 = Debug|iPhone
		{4F671D3A-87C9-4E99-8A56-C41F7FE6EE32}.Debug|iPhone.ActiveCfg = Debug|iPhone
		{4F671D3A-87C9-4E99-8A56-C41F7FE6EE32}.Debug|iPhone.Build.0 = Debug|iPhone
		{4F671D3A-87C9-4E99-8A56-C41F7FE6EE32}.Debug|iPhone.Deploy.0 = Debug|iPhone
		{4F671D3A-87C9-4E99-8A56-C41F7FE6EE32}.Debug|iPhoneSimulator.ActiveCfg = Debug|iPhoneSimulator
		{4F671D3A-87C9-4E99-8A56-C41F7FE6EE32}.Debug|iPhoneSimulator.Build.0 = Debug|iPhoneSimulator
		{4F671D3A-87C9-4E99-8A56-C41F7FE6EE32}.Debug|iPhoneSimulator.Deploy.0 = Debug|iPhoneSimulator
		{4F671D3A-87C9-4E99-8A56-C41F7FE6EE32}.Debug|x64.ActiveCfg = Debug|iPhone
		{4F671D3A-87C9-4E99-8A56-C41F7FE6EE32}.Debug|x64.Build.0 = Debug|iPhone
		{4F671D3A-87C9-4E99-8A56-C41F7FE6EE32}.Debug|x64.Deploy.0 = Debug|iPhone
		{4F671D3A-87C9-4E99-8A56-C41F7FE6EE32}.Debug|x86.ActiveCfg = Debug|iPhone
		{4F671D3A-87C9-4E99-8A56-C41F7FE6EE32}.Debug|x86.Build.0 = Debug|iPhone
		{4F671D3A-87C9-4E99-8A56-C41F7FE6EE32}.Debug|x86.Deploy.0 = Debug|iPhone
		{4F671D3A-87C9-4E99-8A56-C41F7FE6EE32}.Release|Any CPU.ActiveCfg = Release|iPhone
		{4F671D3A-87C9-4E99-8A56-C41F7FE6EE32}.Release|Any CPU.Build.0 = Release|iPhone
		{4F671D3A-87C9-4E99-8A56-C41F7FE6EE32}.Release|Any CPU.Deploy.0 = Release|iPhone
		{4F671D3A-87C9-4E99-8A56-C41F7FE6EE32}.Release|ARM.ActiveCfg = Release|iPhone
		{4F671D3A-87C9-4E99-8A56-C41F7FE6EE32}.Release|ARM.Build.0 = Release|iPhone
		{4F671D3A-87C9-4E99-8A56-C41F7FE6EE32}.Release|ARM.Deploy.0 = Release|iPhone
		{4F671D3A-87C9-4E99-8A56-C41F7FE6EE32}.Release|iPhone.ActiveCfg = Release|iPhone
		{4F671D3A-87C9-4E99-8A56-C41F7FE6EE32}.Release|iPhone.Build.0 = Release|iPhone
		{4F671D3A-87C9-4E99-8A56-C41F7FE6EE32}.Release|iPhone.Deploy.0 = Release|iPhone
		{4F671D3A-87C9-4E99-8A56-C41F7FE6EE32}.Release|iPhoneSimulator.ActiveCfg = Release|iPhoneSimulator
		{4F671D3A-87C9-4E99-8A56-C41F7FE6EE32}.Release|iPhoneSimulator.Build.0 = Release|iPhoneSimulator
		{4F671D3A-87C9-4E99-8A56-C41F7FE6EE32}.Release|iPhoneSimulator.Deploy.0 = Release|iPhoneSimulator
		{4F671D3A-87C9-4E99-8A56-C41F7FE6EE32}.Release|x64.ActiveCfg = Release|iPhone
		{4F671D3A-87C9-4E99-8A56-C41F7FE6EE32}.Release|x64.Build.0 = Release|iPhone
		{4F671D3A-87C9-4E99-8A56-C41F7FE6EE32}.Release|x64.Deploy.0 = Release|iPhone
		{4F671D3A-87C9-4E99-8A56-C41F7FE6EE32}.Release|x86.ActiveCfg = Release|iPhone
		{4F671D3A-87C9-4E99-8A56-C41F7FE6EE32}.Release|x86.Build.0 = Release|iPhone
		{4F671D3A-87C9-4E99-8A56-C41F7FE6EE32}.Release|x86.Deploy.0 = Release|iPhone
		{C0A9EB7F-C928-4BFC-9C3B-0471644CEF12}.Ad-Hoc|Any CPU.ActiveCfg = Release|x86
		{C0A9EB7F-C928-4BFC-9C3B-0471644CEF12}.Ad-Hoc|Any CPU.Build.0 = Release|x86
		{C0A9EB7F-C928-4BFC-9C3B-0471644CEF12}.Ad-Hoc|Any CPU.Deploy.0 = Release|x86
		{C0A9EB7F-C928-4BFC-9C3B-0471644CEF12}.Ad-Hoc|ARM.ActiveCfg = Release|ARM
		{C0A9EB7F-C928-4BFC-9C3B-0471644CEF12}.Ad-Hoc|ARM.Build.0 = Release|ARM
		{C0A9EB7F-C928-4BFC-9C3B-0471644CEF12}.Ad-Hoc|ARM.Deploy.0 = Release|ARM
		{C0A9EB7F-C928-4BFC-9C3B-0471644CEF12}.Ad-Hoc|iPhone.ActiveCfg = Release|x86
		{C0A9EB7F-C928-4BFC-9C3B-0471644CEF12}.Ad-Hoc|iPhone.Build.0 = Release|x86
		{C0A9EB7F-C928-4BFC-9C3B-0471644CEF12}.Ad-Hoc|iPhone.Deploy.0 = Release|x86
		{C0A9EB7F-C928-4BFC-9C3B-0471644CEF12}.Ad-Hoc|iPhoneSimulator.ActiveCfg = Release|x86
		{C0A9EB7F-C928-4BFC-9C3B-0471644CEF12}.Ad-Hoc|iPhoneSimulator.Build.0 = Release|x86
		{C0A9EB7F-C928-4BFC-9C3B-0471644CEF12}.Ad-Hoc|iPhoneSimulator.Deploy.0 = Release|x86
		{C0A9EB7F-C928-4BFC-9C3B-0471644CEF12}.Ad-Hoc|x64.ActiveCfg = Release|x64
		{C0A9EB7F-C928-4BFC-9C3B-0471644CEF12}.Ad-Hoc|x64.Build.0 = Release|x64
		{C0A9EB7F-C928-4BFC-9C3B-0471644CEF12}.Ad-Hoc|x64.Deploy.0 = Release|x64
		{C0A9EB7F-C928-4BFC-9C3B-0471644CEF12}.Ad-Hoc|x86.ActiveCfg = Release|x86
		{C0A9EB7F-C928-4BFC-9C3B-0471644CEF12}.Ad-Hoc|x86.Build.0 = Release|x86
		{C0A9EB7F-C928-4BFC-9C3B-0471644CEF12}.Ad-Hoc|x86.Deploy.0 = Release|x86
		{C0A9EB7F-C928-4BFC-9C3B-0471644CEF12}.AppStore|Any CPU.ActiveCfg = Release|x86
		{C0A9EB7F-C928-4BFC-9C3B-0471644CEF12}.AppStore|Any CPU.Build.0 = Release|x86
		{C0A9EB7F-C928-4BFC-9C3B-0471644CEF12}.AppStore|Any CPU.Deploy.0 = Release|x86
		{C0A9EB7F-C928-4BFC-9C3B-0471644CEF12}.AppStore|ARM.ActiveCfg = Release|ARM
		{C0A9EB7F-C928-4BFC-9C3B-0471644CEF12}.AppStore|ARM.Build.0 = Release|ARM
		{C0A9EB7F-C928-4BFC-9C3B-0471644CEF12}.AppStore|ARM.Deploy.0 = Release|ARM
		{C0A9EB7F-C928-4BFC-9C3B-0471644CEF12}.AppStore|iPhone.ActiveCfg = Release|x86
		{C0A9EB7F-C928-4BFC-9C3B-0471644CEF12}.AppStore|iPhone.Build.0 = Release|x86
		{C0A9EB7F-C928-4BFC-9C3B-0471644CEF12}.AppStore|iPhone.Deploy.0 = Release|x86
		{C0A9EB7F-C928-4BFC-9C3B-0471644CEF12}.AppStore|iPhoneSimulator.ActiveCfg = Release|x86
		{C0A9EB7F-C928-4BFC-9C3B-0471644CEF12}.AppStore|iPhoneSimulator.Build.0 = Release|x86
		{C0A9EB7F-C928-4BFC-9C3B-0471644CEF12}.AppStore|iPhoneSimulator.Deploy.0 = Release|x86
		{C0A9EB7F-C928-4BFC-9C3B-0471644CEF12}.AppStore|x64.ActiveCfg = Release|x64
		{C0A9EB7F-C928-4BFC-9C3B-0471644CEF12}.AppStore|x64.Build.0 = Release|x64
		{C0A9EB7F-C928-4BFC-9C3B-0471644CEF12}.AppStore|x64.Deploy.0 = Release|x64
		{C0A9EB7F-C928-4BFC-9C3B-0471644CEF12}.AppStore|x86.ActiveCfg = Release|x86
		{C0A9EB7F-C928-4BFC-9C3B-0471644CEF12}.AppStore|x86.Build.0 = Release|x86
		{C0A9EB7F-C928-4BFC-9C3B-0471644CEF12}.AppStore|x86.Deploy.0 = Release|x86
		{C0A9EB7F-C928-4BFC-9C3B-0471644CEF12}.Debug|Any CPU.ActiveCfg = Debug|x86
		{C0A9EB7F-C928-4BFC-9C3B-0471644CEF12}.Debug|Any CPU.Build.0 = Debug|x86
		{C0A9EB7F-C928-4BFC-9C3B-0471644CEF12}.Debug|Any CPU.Deploy.0 = Debug|x86
		{C0A9EB7F-C928-4BFC-9C3B-0471644CEF12}.Debug|ARM.ActiveCfg = Debug|ARM
		{C0A9EB7F-C928-4BFC-9C3B-0471644CEF12}.Debug|ARM.Build.0 = Debug|ARM
		{C0A9EB7F-C928-4BFC-9C3B-0471644CEF12}.Debug|ARM.Deploy.0 = Debug|ARM
		{C0A9EB7F-C928-4BFC-9C3B-0471644CEF12}.Debug|iPhone.ActiveCfg = Debug|x86
		{C0A9EB7F-C928-4BFC-9C3B-0471644CEF12}.Debug|iPhone.Build.0 = Debug|x86
		{C0A9EB7F-C928-4BFC-9C3B-0471644CEF12}.Debug|iPhone.Deploy.0 = Debug|x86
		{C0A9EB7F-C928-4BFC-9C3B-0471644CEF12}.Debug|iPhoneSimulator.ActiveCfg = Debug|x86
		{C0A9EB7F-C928-4BFC-9C3B-0471644CEF12}.Debug|iPhoneSimulator.Build.0 = Debug|x86
		{C0A9EB7F-C928-4BFC-9C3B-0471644CEF12}.Debug|iPhoneSimulator.Deploy.0 = Debug|x86
		{C0A9EB7F-C928-4BFC-9C3B-0471644CEF12}.Debug|x64.ActiveCfg = Debug|x64
		{C0A9EB7F-C928-4BFC-9C3B-0471644CEF12}.Debug|x64.Build.0 = Debug|x64
		{C0A9EB7F-C928-4BFC-9C3B-0471644CEF12}.Debug|x64.Deploy.0 = Debug|x64
		{C0A9EB7F-C928-4BFC-9C3B-0471644CEF12}.Debug|x86.ActiveCfg = Debug|x86
		{C0A9EB7F-C928-4BFC-9C3B-0471644CEF12}.Debug|x86.Build.0 = Debug|x86
		{C0A9EB7F-C928-4BFC-9C3B-0471644CEF12}.Debug|x86.Deploy.0 = Debug|x86
		{C0A9EB7F-C928-4BFC-9C3B-0471644CEF12}.Release|Any CPU.ActiveCfg = Release|x86
		{C0A9EB7F-C928-4BFC-9C3B-0471644CEF12}.Release|Any CPU.Build.0 = Release|x86
		{C0A9EB7F-C928-4BFC-9C3B-0471644CEF12}.Release|Any CPU.Deploy.0 = Release|x86
		{C0A9EB7F-C928-4BFC-9C3B-0471644CEF12}.Release|ARM.ActiveCfg = Release|ARM
		{C0A9EB7F-C928-4BFC-9C3B-0471644CEF12}.Release|ARM.Build.0 = Release|ARM
		{C0A9EB7F-C928-4BFC-9C3B-0471644CEF12}.Release|ARM.Deploy.0 = Release|ARM
		{C0A9EB7F-C928-4BFC-9C3B-0471644CEF12}.Release|iPhone.ActiveCfg = Release|x86
		{C0A9EB7F-C928-4BFC-9C3B-0471644CEF12}.Release|iPhone.Build.0 = Release|x86
		{C0A9EB7F-C928-4BFC-9C3B-0471644CEF12}.Release|iPhone.Deploy.0 = Release|x86
		{C0A9EB7F-C928-4BFC-9C3B-0471644CEF12}.Release|iPhoneSimulator.ActiveCfg = Release|x86
		{C0A9EB7F-C928-4BFC-9C3B-0471644CEF12}.Release|iPhoneSimulator.Build.0 = Release|x86
		{C0A9EB7F-C928-4BFC-9C3B-0471644CEF12}.Release|iPhoneSimulator.Deploy.0 = Release|x86
		{C0A9EB7F-C928-4BFC-9C3B-0471644CEF12}.Release|x64.ActiveCfg = Release|x64
		{C0A9EB7F-C928-4BFC-9C3B-0471644CEF12}.Release|x64.Build.0 = Release|x64
		{C0A9EB7F-C928-4BFC-9C3B-0471644CEF12}.Release|x64.Deploy.0 = Release|x64
		{C0A9EB7F-C928-4BFC-9C3B-0471644CEF12}.Release|x86.ActiveCfg = Release|x86
		{C0A9EB7F-C928-4BFC-9C3B-0471644CEF12}.Release|x86.Build.0 = Release|x86
		{C0A9EB7F-C928-4BFC-9C3B-0471644CEF12}.Release|x86.Deploy.0 = Release|x86
		{681641E4-37B5-432A-B2ED-A4E177120EC1}.Ad-Hoc|Any CPU.ActiveCfg = Debug|Any CPU
		{681641E4-37B5-432A-B2ED-A4E177120EC1}.Ad-Hoc|Any CPU.Build.0 = Debug|Any CPU
		{681641E4-37B5-432A-B2ED-A4E177120EC1}.Ad-Hoc|Any CPU.Deploy.0 = Debug|Any CPU
		{681641E4-37B5-432A-B2ED-A4E177120EC1}.Ad-Hoc|ARM.ActiveCfg = Debug|Any CPU
		{681641E4-37B5-432A-B2ED-A4E177120EC1}.Ad-Hoc|ARM.Build.0 = Debug|Any CPU
		{681641E4-37B5-432A-B2ED-A4E177120EC1}.Ad-Hoc|ARM.Deploy.0 = Debug|Any CPU
		{681641E4-37B5-432A-B2ED-A4E177120EC1}.Ad-Hoc|iPhone.ActiveCfg = Debug|Any CPU
		{681641E4-37B5-432A-B2ED-A4E177120EC1}.Ad-Hoc|iPhone.Build.0 = Debug|Any CPU
		{681641E4-37B5-432A-B2ED-A4E177120EC1}.Ad-Hoc|iPhone.Deploy.0 = Debug|Any CPU
		{681641E4-37B5-432A-B2ED-A4E177120EC1}.Ad-Hoc|iPhoneSimulator.ActiveCfg = Debug|Any CPU
		{681641E4-37B5-432A-B2ED-A4E177120EC1}.Ad-Hoc|iPhoneSimulator.Build.0 = Debug|Any CPU
		{681641E4-37B5-432A-B2ED-A4E177120EC1}.Ad-Hoc|iPhoneSimulator.Deploy.0 = Debug|Any CPU
		{681641E4-37B5-432A-B2ED-A4E177120EC1}.Ad-Hoc|x64.ActiveCfg = Debug|Any CPU
		{681641E4-37B5-432A-B2ED-A4E177120EC1}.Ad-Hoc|x64.Build.0 = Debug|Any CPU
		{681641E4-37B5-432A-B2ED-A4E177120EC1}.Ad-Hoc|x64.Deploy.0 = Debug|Any CPU
		{681641E4-37B5-432A-B2ED-A4E177120EC1}.Ad-Hoc|x86.ActiveCfg = Debug|Any CPU
		{681641E4-37B5-432A-B2ED-A4E177120EC1}.Ad-Hoc|x86.Build.0 = Debug|Any CPU
		{681641E4-37B5-432A-B2ED-A4E177120EC1}.Ad-Hoc|x86.Deploy.0 = Debug|Any CPU
		{681641E4-37B5-432A-B2ED-A4E177120EC1}.AppStore|Any CPU.ActiveCfg = Debug|Any CPU
		{681641E4-37B5-432A-B2ED-A4E177120EC1}.AppStore|Any CPU.Build.0 = Debug|Any CPU
		{681641E4-37B5-432A-B2ED-A4E177120EC1}.AppStore|Any CPU.Deploy.0 = Debug|Any CPU
		{681641E4-37B5-432A-B2ED-A4E177120EC1}.AppStore|ARM.ActiveCfg = Debug|Any CPU
		{681641E4-37B5-432A-B2ED-A4E177120EC1}.AppStore|ARM.Build.0 = Debug|Any CPU
		{681641E4-37B5-432A-B2ED-A4E177120EC1}.AppStore|ARM.Deploy.0 = Debug|Any CPU
		{681641E4-37B5-432A-B2ED-A4E177120EC1}.AppStore|iPhone.ActiveCfg = Debug|Any CPU
		{681641E4-37B5-432A-B2ED-A4E177120EC1}.AppStore|iPhone.Build.0 = Debug|Any CPU
		{681641E4-37B5-432A-B2ED-A4E177120EC1}.AppStore|iPhone.Deploy.0 = Debug|Any CPU
		{681641E4-37B5-432A-B2ED-A4E177120EC1}.AppStore|iPhoneSimulator.ActiveCfg = Debug|Any CPU
		{681641E4-37B5-432A-B2ED-A4E177120EC1}.AppStore|iPhoneSimulator.Build.0 = Debug|Any CPU
		{681641E4-37B5-432A-B2ED-A4E177120EC1}.AppStore|iPhoneSimulator.Deploy.0 = Debug|Any CPU
		{681641E4-37B5-432A-B2ED-A4E177120EC1}.AppStore|x64.ActiveCfg = Debug|Any CPU
		{681641E4-37B5-432A-B2ED-A4E177120EC1}.AppStore|x64.Build.0 = Debug|Any CPU
		{681641E4-37B5-432A-B2ED-A4E177120EC1}.AppStore|x64.Deploy.0 = Debug|Any CPU
		{681641E4-37B5-432A-B2ED-A4E177120EC1}.AppStore|x86.ActiveCfg = Debug|Any CPU
		{681641E4-37B5-432A-B2ED-A4E177120EC1}.AppStore|x86.Build.0 = Debug|Any CPU
		{681641E4-37B5-432A-B2ED-A4E177120EC1}.AppStore|x86.Deploy.0 = Debug|Any CPU
		{681641E4-37B5-432A-B2ED-A4E177120EC1}.Debug|Any CPU.ActiveCfg = Debug|Any CPU
		{681641E4-37B5-432A-B2ED-A4E177120EC1}.Debug|Any CPU.Build.0 = Debug|Any CPU
		{681641E4-37B5-432A-B2ED-A4E177120EC1}.Debug|Any CPU.Deploy.0 = Debug|Any CPU
		{681641E4-37B5-432A-B2ED-A4E177120EC1}.Debug|ARM.ActiveCfg = Debug|Any CPU
		{681641E4-37B5-432A-B2ED-A4E177120EC1}.Debug|ARM.Build.0 = Debug|Any CPU
		{681641E4-37B5-432A-B2ED-A4E177120EC1}.Debug|ARM.Deploy.0 = Debug|Any CPU
		{681641E4-37B5-432A-B2ED-A4E177120EC1}.Debug|iPhone.ActiveCfg = Debug|Any CPU
		{681641E4-37B5-432A-B2ED-A4E177120EC1}.Debug|iPhone.Build.0 = Debug|Any CPU
		{681641E4-37B5-432A-B2ED-A4E177120EC1}.Debug|iPhone.Deploy.0 = Debug|Any CPU
		{681641E4-37B5-432A-B2ED-A4E177120EC1}.Debug|iPhoneSimulator.ActiveCfg = Debug|Any CPU
		{681641E4-37B5-432A-B2ED-A4E177120EC1}.Debug|iPhoneSimulator.Build.0 = Debug|Any CPU
		{681641E4-37B5-432A-B2ED-A4E177120EC1}.Debug|iPhoneSimulator.Deploy.0 = Debug|Any CPU
		{681641E4-37B5-432A-B2ED-A4E177120EC1}.Debug|x64.ActiveCfg = Debug|Any CPU
		{681641E4-37B5-432A-B2ED-A4E177120EC1}.Debug|x64.Build.0 = Debug|Any CPU
		{681641E4-37B5-432A-B2ED-A4E177120EC1}.Debug|x64.Deploy.0 = Debug|Any CPU
		{681641E4-37B5-432A-B2ED-A4E177120EC1}.Debug|x86.ActiveCfg = Debug|Any CPU
		{681641E4-37B5-432A-B2ED-A4E177120EC1}.Debug|x86.Build.0 = Debug|Any CPU
		{681641E4-37B5-432A-B2ED-A4E177120EC1}.Debug|x86.Deploy.0 = Debug|Any CPU
		{681641E4-37B5-432A-B2ED-A4E177120EC1}.Release|Any CPU.ActiveCfg = Release|Any CPU
		{681641E4-37B5-432A-B2ED-A4E177120EC1}.Release|Any CPU.Build.0 = Release|Any CPU
		{681641E4-37B5-432A-B2ED-A4E177120EC1}.Release|Any CPU.Deploy.0 = Release|Any CPU
		{681641E4-37B5-432A-B2ED-A4E177120EC1}.Release|ARM.ActiveCfg = Release|Any CPU
		{681641E4-37B5-432A-B2ED-A4E177120EC1}.Release|ARM.Build.0 = Release|Any CPU
		{681641E4-37B5-432A-B2ED-A4E177120EC1}.Release|ARM.Deploy.0 = Release|Any CPU
		{681641E4-37B5-432A-B2ED-A4E177120EC1}.Release|iPhone.ActiveCfg = Release|Any CPU
		{681641E4-37B5-432A-B2ED-A4E177120EC1}.Release|iPhone.Build.0 = Release|Any CPU
		{681641E4-37B5-432A-B2ED-A4E177120EC1}.Release|iPhone.Deploy.0 = Release|Any CPU
		{681641E4-37B5-432A-B2ED-A4E177120EC1}.Release|iPhoneSimulator.ActiveCfg = Release|Any CPU
		{681641E4-37B5-432A-B2ED-A4E177120EC1}.Release|iPhoneSimulator.Build.0 = Release|Any CPU
		{681641E4-37B5-432A-B2ED-A4E177120EC1}.Release|iPhoneSimulator.Deploy.0 = Release|Any CPU
		{681641E4-37B5-432A-B2ED-A4E177120EC1}.Release|x64.ActiveCfg = Release|Any CPU
		{681641E4-37B5-432A-B2ED-A4E177120EC1}.Release|x64.Build.0 = Release|Any CPU
		{681641E4-37B5-432A-B2ED-A4E177120EC1}.Release|x64.Deploy.0 = Release|Any CPU
		{681641E4-37B5-432A-B2ED-A4E177120EC1}.Release|x86.ActiveCfg = Release|Any CPU
		{681641E4-37B5-432A-B2ED-A4E177120EC1}.Release|x86.Build.0 = Release|Any CPU
		{681641E4-37B5-432A-B2ED-A4E177120EC1}.Release|x86.Deploy.0 = Release|Any CPU
	EndGlobalSection
	GlobalSection(SolutionProperties) = preSolution
		HideSolutionNode = FALSE
	EndGlobalSection
	GlobalSection(ExtensibilityGlobals) = postSolution
		SolutionGuid = {7255401F-6D7E-4509-9EB1-828656CFF3AC}
	EndGlobalSection
EndGlobal
